
Microsoft Visual Studio Solution File, Format Version 9.00
# Visual C++ Express 2005
Project("{8BC9CEB8-8B4A-11D0-8D11-00A0C91BC942}") = "s2_23", "s2_23\s2_23.vcproj", "{86181866-31EB-421E-9023-FABBBBACF68D}"
EndProject
Global
	GlobalSection(SolutionConfigurationPlatforms) = preSolution
		Debug|Win32 = Debug|Win32
		Release|Win32 = Release|Win32
	EndGlobalSection
	GlobalSection(ProjectConfigurationPlatforms) = postSolution
		{86181866-31EB-421E-9023-FABBBBACF68D}.Debug|Win32.ActiveCfg = Debug|Win32
		{86181866-31EB-421E-9023-FABBBBACF68D}.Debug|Win32.Build.0 = Debug|Win32
		{86181866-31EB-421E-9023-FABBBBACF68D}.Release|Win32.ActiveCfg = Release|Win32
		{86181866-31EB-421E-9023-FABBBBACF68D}.Release|Win32.Build.0 = Release|Win32
	EndGlobalSection
	GlobalSection(SolutionProperties) = preSolution
		HideSolutionNode = FALSE
	EndGlobalSection
EndGlobal
