
Microsoft Visual Studio Solution File, Format Version 9.00
# Visual C++ Express 2005
Project("{8BC9CEB8-8B4A-11D0-8D11-00A0C91BC942}") = "s2_13", "s2_13\s2_13.vcproj", "{AC2B6056-B282-489A-901B-11C8CA3C1E2C}"
EndProject
Global
	GlobalSection(SolutionConfigurationPlatforms) = preSolution
		Debug|Win32 = Debug|Win32
		Release|Win32 = Release|Win32
	EndGlobalSection
	GlobalSection(ProjectConfigurationPlatforms) = postSolution
		{AC2B6056-B282-489A-901B-11C8CA3C1E2C}.Debug|Win32.ActiveCfg = Debug|Win32
		{AC2B6056-B282-489A-901B-11C8CA3C1E2C}.Debug|Win32.Build.0 = Debug|Win32
		{AC2B6056-B282-489A-901B-11C8CA3C1E2C}.Release|Win32.ActiveCfg = Release|Win32
		{AC2B6056-B282-489A-901B-11C8CA3C1E2C}.Release|Win32.Build.0 = Release|Win32
	EndGlobalSection
	GlobalSection(SolutionProperties) = preSolution
		HideSolutionNode = FALSE
	EndGlobalSection
EndGlobal
