
Microsoft Visual Studio Solution File, Format Version 9.00
# Visual C++ Express 2005
Project("{8BC9CEB8-8B4A-11D0-8D11-00A0C91BC942}") = "s2_3", "s2_3\s2_3.vcproj", "{B63EF410-5C41-496F-8C0F-79D1221C12CF}"
EndProject
Global
	GlobalSection(SolutionConfigurationPlatforms) = preSolution
		Debug|Win32 = Debug|Win32
		Release|Win32 = Release|Win32
	EndGlobalSection
	GlobalSection(ProjectConfigurationPlatforms) = postSolution
		{B63EF410-5C41-496F-8C0F-79D1221C12CF}.Debug|Win32.ActiveCfg = Debug|Win32
		{B63EF410-5C41-496F-8C0F-79D1221C12CF}.Debug|Win32.Build.0 = Debug|Win32
		{B63EF410-5C41-496F-8C0F-79D1221C12CF}.Release|Win32.ActiveCfg = Release|Win32
		{B63EF410-5C41-496F-8C0F-79D1221C12CF}.Release|Win32.Build.0 = Release|Win32
	EndGlobalSection
	GlobalSection(SolutionProperties) = preSolution
		HideSolutionNode = FALSE
	EndGlobalSection
EndGlobal
