
Microsoft Visual Studio Solution File, Format Version 9.00
# Visual C++ Express 2005
Project("{8BC9CEB8-8B4A-11D0-8D11-00A0C91BC942}") = "s3_4", "s3_4\s3_4.vcproj", "{053A8841-098D-46AC-B0BB-E4D056DFA493}"
EndProject
Global
	GlobalSection(SolutionConfigurationPlatforms) = preSolution
		Debug|Win32 = Debug|Win32
		Release|Win32 = Release|Win32
	EndGlobalSection
	GlobalSection(ProjectConfigurationPlatforms) = postSolution
		{053A8841-098D-46AC-B0BB-E4D056DFA493}.Debug|Win32.ActiveCfg = Debug|Win32
		{053A8841-098D-46AC-B0BB-E4D056DFA493}.Debug|Win32.Build.0 = Debug|Win32
		{053A8841-098D-46AC-B0BB-E4D056DFA493}.Release|Win32.ActiveCfg = Release|Win32
		{053A8841-098D-46AC-B0BB-E4D056DFA493}.Release|Win32.Build.0 = Release|Win32
	EndGlobalSection
	GlobalSection(SolutionProperties) = preSolution
		HideSolutionNode = FALSE
	EndGlobalSection
EndGlobal
