
Microsoft Visual Studio Solution File, Format Version 9.00
# Visual C++ Express 2005
Project("{8BC9CEB8-8B4A-11D0-8D11-00A0C91BC942}") = "s2_20", "s2_20\s2_20.vcproj", "{75F319A8-5775-4D66-A4B3-33B7DCFE3878}"
EndProject
Global
	GlobalSection(SolutionConfigurationPlatforms) = preSolution
		Debug|Win32 = Debug|Win32
		Release|Win32 = Release|Win32
	EndGlobalSection
	GlobalSection(ProjectConfigurationPlatforms) = postSolution
		{75F319A8-5775-4D66-A4B3-33B7DCFE3878}.Debug|Win32.ActiveCfg = Debug|Win32
		{75F319A8-5775-4D66-A4B3-33B7DCFE3878}.Debug|Win32.Build.0 = Debug|Win32
		{75F319A8-5775-4D66-A4B3-33B7DCFE3878}.Release|Win32.ActiveCfg = Release|Win32
		{75F319A8-5775-4D66-A4B3-33B7DCFE3878}.Release|Win32.Build.0 = Release|Win32
	EndGlobalSection
	GlobalSection(SolutionProperties) = preSolution
		HideSolutionNode = FALSE
	EndGlobalSection
EndGlobal
